
Microsoft Visual Studio Solution File, Format Version 12.00
# Visual Studio 14
VisualStudioVersion = 14.0.25123.0
MinimumVisualStudioVersion = 10.0.40219.1
Project("{FAE04EC0-301F-11D3-BF4B-00C04F79EFBC}") = "ThirtyDayClasses", "ThirtyDayClasses\ThirtyDayClasses.csproj", "{CD65701D-7E84-4BC5-9F08-74453BE57CE1}"
EndProject
Project("{FAE04EC0-301F-11D3-BF4B-00C04F79EFBC}") = "ThirtyDayTests", "ThirtyDayTests\ThirtyDayTests.csproj", "{C1C6B076-2491-4670-B0A7-514F66DEC3E4}"
EndProject
Project("{FAE04EC0-301F-11D3-BF4B-00C04F79EFBC}") = "OtherChallenges", "OtherChallenges\OtherChallenges.csproj", "{E0587AA7-3809-4F68-AFEC-CDF2076F01F3}"
EndProject
Global
	GlobalSection(SolutionConfigurationPlatforms) = preSolution
		Debug|Any CPU = Debug|Any CPU
		Release|Any CPU = Release|Any CPU
	EndGlobalSection
	GlobalSection(ProjectConfigurationPlatforms) = postSolution
		{CD65701D-7E84-4BC5-9F08-74453BE57CE1}.Debug|Any CPU.ActiveCfg = Debug|Any CPU
		{CD65701D-7E84-4BC5-9F08-74453BE57CE1}.Debug|Any CPU.Build.0 = Debug|Any CPU
		{CD65701D-7E84-4BC5-9F08-74453BE57CE1}.Release|Any CPU.ActiveCfg = Release|Any CPU
		{CD65701D-7E84-4BC5-9F08-74453BE57CE1}.Release|Any CPU.Build.0 = Release|Any CPU
		{C1C6B076-2491-4670-B0A7-514F66DEC3E4}.Debug|Any CPU.ActiveCfg = Debug|Any CPU
		{C1C6B076-2491-4670-B0A7-514F66DEC3E4}.Debug|Any CPU.Build.0 = Debug|Any CPU
		{C1C6B076-2491-4670-B0A7-514F66DEC3E4}.Release|Any CPU.ActiveCfg = Release|Any CPU
		{C1C6B076-2491-4670-B0A7-514F66DEC3E4}.Release|Any CPU.Build.0 = Release|Any CPU
		{E0587AA7-3809-4F68-AFEC-CDF2076F01F3}.Debug|Any CPU.ActiveCfg = Debug|Any CPU
		{E0587AA7-3809-4F68-AFEC-CDF2076F01F3}.Debug|Any CPU.Build.0 = Debug|Any CPU
		{E0587AA7-3809-4F68-AFEC-CDF2076F01F3}.Release|Any CPU.ActiveCfg = Release|Any CPU
		{E0587AA7-3809-4F68-AFEC-CDF2076F01F3}.Release|Any CPU.Build.0 = Release|Any CPU
	EndGlobalSection
	GlobalSection(SolutionProperties) = preSolution
		HideSolutionNode = FALSE
	EndGlobalSection
EndGlobal
